{
  "nodes": {
    "flakeNimbleLib": {
      "inputs": {
        "nixpkgs": [
          "nixpkgs"
        ]
      },
      "locked": {
        "lastModified": 1662018438,
        "narHash": "sha256-QtNtU6+LX3Wokxf0zlFwKTFOcn6TeDjKQZ+DA9OYtvM=",
        "owner": "riinr",
        "repo": "nim-flakes-lib",
        "rev": "b1fe8340736e3a85d25c709ac3dfd82a55c03cbf",
        "type": "github"
      },
      "original": {
        "owner": "riinr",
        "ref": "master",
        "repo": "nim-flakes-lib",
        "type": "github"
      }
    },
    "nixpkgs": {
      "locked": {
        "lastModified": 1667110639,
        "narHash": "sha256-4FbPESZ5LbqQxkJJJBAfk/zKgF9h/4kyUwjjpJwYlbc=",
        "owner": "NixOS",
        "repo": "nixpkgs",
        "rev": "f38a1f04d1bec1feb61fd101a0539ae2002a7087",
        "type": "github"
      },
      "original": {
        "id": "nixpkgs",
        "type": "indirect"
      }
    },
    "root": {
      "inputs": {
        "flakeNimbleLib": "flakeNimbleLib",
        "nixpkgs": "nixpkgs",
        "variantkey-master": "variantkey-master"
      }
    },
    "src-variantkey-master": {
      "flake": false,
      "locked": {
        "lastModified": 1545261418,
        "narHash": "sha256-DTIggMVh/CjBOGSWDy+//S/B+2dHvq5Ku4dis/qBkFo=",
        "owner": "brentp",
        "repo": "variantkey-nim",
        "rev": "6c191d75fb722e1c2e929b261b34afadd3a1a681",
        "type": "github"
      },
      "original": {
        "owner": "brentp",
        "ref": "refs/heads/master",
        "repo": "variantkey-nim",
        "type": "github"
      }
    },
    "variantkey-master": {
      "inputs": {
        "flakeNimbleLib": [
          "flakeNimbleLib"
        ],
        "nixpkgs": [
          "nixpkgs"
        ],
        "src-variantkey-master": "src-variantkey-master"
      },
      "locked": {
        "dir": "master",
        "lastModified": 1662254922,
        "narHash": "sha256-OyPVhuAjmZgRlqWJwzKjXXWpIyXaQhO3DYQpS2niZck=",
        "owner": "nim-nix-pkgs",
        "repo": "variantkey",
        "rev": "e40d07e86c162dd46c0197641a16f8226ec93f06",
        "type": "github"
      },
      "original": {
        "dir": "master",
        "owner": "nim-nix-pkgs",
        "ref": "master",
        "repo": "variantkey",
        "type": "github"
      }
    }
  },
  "root": "root",
  "version": 7
}
